schema: '2.0'
stages:
  cleaning:
    cmd: python src/cleaning.py
    deps:
    - path: data/seismic_slice.npy
      hash: md5
      md5: b89efbbc51b4003adb9191a9bcde8951
      size: 9314720
    - path: data/sim_slice.npy
      hash: md5
      md5: c5755d17e2985bfcb90731e71f6b2e47
      size: 70112
    - path: modulo/aula3_modulo_mlops.py
      hash: md5
      md5: f4dbf4f9516258d5af387f52f276390c
      size: 11496
    - path: src/cleaning.py
      hash: md5
      md5: 51de64efbb667d151a9a5c0d840bdc61
      size: 1030
    outs:
    - path: outputs/seismic_slice_clean.npy
      hash: md5
      md5: 5b0fec0bf1887e366641f70ee2331510
      size: 9314720
    - path: outputs/sim_clean.npy
      hash: md5
      md5: a1708ba6bf248dbd4990063fd5c9377c
      size: 70112
  training:
    cmd: python src/training_automl.py
    deps:
    - path: modulo/aula3_modulo_mlops.py
      hash: md5
      md5: f4dbf4f9516258d5af387f52f276390c
      size: 11496
    - path: outputs/sim_clean.npy
      hash: md5
      md5: a1708ba6bf248dbd4990063fd5c9377c
      size: 70112
    - path: src/training_automl.py
      hash: md5
      md5: dd7da55fa3c2bca14fa246ef767d4947
      size: 1503
    outs:
    - path: outputs/X.npy
      hash: md5
      md5: 71f7ce231d973f5b1d1f732fa4e96bd1
      size: 26372
    - path: outputs/best_model_pycaret.pkl
      hash: md5
      md5: 1857cf5139059c30298f7912549648ba
      size: 13042259
    - path: outputs/y.npy
      hash: md5
      md5: 98d94c1541e89d9657db431e4c80b02a
      size: 8876
  inference:
    cmd: python src/inference.py
    deps:
    - path: modulo/aula3_modulo_mlops.py
      hash: md5
      md5: f4dbf4f9516258d5af387f52f276390c
      size: 11496
    - path: outputs/X.npy
      hash: md5
      md5: 71f7ce231d973f5b1d1f732fa4e96bd1
      size: 26372
    - path: outputs/best_model_pycaret.pkl
      hash: md5
      md5: 1857cf5139059c30298f7912549648ba
      size: 13042259
    - path: outputs/seismic_slice_clean.npy
      hash: md5
      md5: 5b0fec0bf1887e366641f70ee2331510
      size: 9314720
    - path: outputs/y.npy
      hash: md5
      md5: 98d94c1541e89d9657db431e4c80b02a
      size: 8876
    - path: src/inference.py
      hash: md5
      md5: 3547383aba148b33ef54e94451c3652d
      size: 2120
    outs:
    - path: outputs/seis_estimated.npy
      hash: md5
      md5: ca873ba0e268614a5a40c42c9033029b
      size: 9314720
    - path: outputs/seismic_predictions.csv
      hash: md5
      md5: c6df4d1e53d7b39f0219467130acf6e2
      size: 16933431
  evaluation:
    cmd: python src/evaluation.py
    deps:
    - path: data/seismic_slice_GT.npy
      hash: md5
      md5: 038bcf2c0c0e0e836e140cbe9350bedd
      size: 9314720
    - path: modulo/aula3_modulo_mlops.py
      hash: md5
      md5: f4dbf4f9516258d5af387f52f276390c
      size: 11496
    - path: outputs/seis_estimated.npy
      hash: md5
      md5: ca873ba0e268614a5a40c42c9033029b
      size: 9314720
    - path: outputs/sim_clean.npy
      hash: md5
      md5: a1708ba6bf248dbd4990063fd5c9377c
      size: 70112
    - path: src/evaluation.py
      hash: md5
      md5: 816ebb43e1e59b369d291d1f29abe90c
      size: 2040
    outs:
    - path: outputs/residuos.npy
      hash: md5
      md5: 0ec03da1a838d8f83b7b4c70a48d4ffc
      size: 9314720
